// !$*UTF8*$!
{
	archiveVersion = 1;
	classes = {
	};
	objectVersion = 50;
	objects = {

/* Begin PBXBuildFile section */
		98ACC9072601B03500DCC93D /* Quiz_Game_ExampleApp.swift in Sources */ = {isa = PBXBuildFile; fileRef = 98ACC9062601B03500DCC93D /* Quiz_Game_ExampleApp.swift */; };
		98ACC9092601B03500DCC93D /* ContentView.swift in Sources */ = {isa = PBXBuildFile; fileRef = 98ACC9082601B03500DCC93D /* ContentView.swift */; };
		98ACC90B2601B03600DCC93D /* Assets.xcassets in Resources */ = {isa = PBXBuildFile; fileRef = 98ACC90A2601B03600DCC93D /* Assets.xcassets */; };
		98ACC90E2601B03600DCC93D /* Preview Assets.xcassets in Resources */ = {isa = PBXBuildFile; fileRef = 98ACC90D2601B03600DCC93D /* Preview Assets.xcassets */; };
		98ACC9172602495900DCC93D /* Question.swift in Sources */ = {isa = PBXBuildFile; fileRef = 98ACC9162602495900DCC93D /* Question.swift */; };
		98ACC91A26024AD300DCC93D /* Answer.swift in Sources */ = {isa = PBXBuildFile; fileRef = 98ACC91926024AD300DCC93D /* Answer.swift */; };
		98ACC91F26024DAE00DCC93D /* questionBank.JSON in Resources */ = {isa = PBXBuildFile; fileRef = 98ACC91E26024DAE00DCC93D /* questionBank.JSON */; };
/* End PBXBuildFile section */

/* Begin PBXFileReference section */
		98ACC9032601B03500DCC93D /* Quiz Game Example.app */ = {isa = PBXFileReference; explicitFileType = wrapper.application; includeInIndex = 0; path = "Quiz Game Example.app"; sourceTree = BUILT_PRODUCTS_DIR; };
		98ACC9062601B03500DCC93D /* Quiz_Game_ExampleApp.swift */ = {isa = PBXFileReference; lastKnownFileType = sourcecode.swift; path = Quiz_Game_ExampleApp.swift; sourceTree = "<group>"; };
		98ACC9082601B03500DCC93D /* ContentView.swift */ = {isa = PBXFileReference; lastKnownFileType = sourcecode.swift; path = ContentView.swift; sourceTree = "<group>"; };
		98ACC90A2601B03600DCC93D /* Assets.xcassets */ = {isa = PBXFileReference; lastKnownFileType = folder.assetcatalog; path = Assets.xcassets; sourceTree = "<group>"; };
		98ACC90D2601B03600DCC93D /* Preview Assets.xcassets */ = {isa = PBXFileReference; lastKnownFileType = folder.assetcatalog; path = "Preview Assets.xcassets"; sourceTree = "<group>"; };
		98ACC90F2601B03600DCC93D /* Info.plist */ = {isa = PBXFileReference; lastKnownFileType = text.plist.xml; path = Info.plist; sourceTree = "<group>"; };
		98ACC9162602495900DCC93D /* Question.swift */ = {isa = PBXFileReference; lastKnownFileType = sourcecode.swift; path = Question.swift; sourceTree = "<group>"; };
		98ACC91926024AD300DCC93D /* Answer.swift */ = {isa = PBXFileReference; lastKnownFileType = sourcecode.swift; path = Answer.swift; sourceTree = "<group>"; };
		98ACC91E26024DAE00DCC93D /* questionBank.JSON */ = {isa = PBXFileReference; lastKnownFileType = text.json; path = questionBank.JSON; sourceTree = "<group>"; };
/* End PBXFileReference section */

/* Begin PBXFrameworksBuildPhase section */
		98ACC9002601B03500DCC93D /* Frameworks */ = {
			isa = PBXFrameworksBuildPhase;
			buildActionMask = 2147483647;
			files = (
			);
			runOnlyForDeploymentPostprocessing = 0;
		};
/* End PBXFrameworksBuildPhase section */

/* Begin PBXGroup section */
		98ACC8FA2601B03500DCC93D = {
			isa = PBXGroup;
			children = (
				98ACC9052601B03500DCC93D /* Quiz Game Example */,
				98ACC9042601B03500DCC93D /* Products */,
			);
			sourceTree = "<group>";
		};
		98ACC9042601B03500DCC93D /* Products */ = {
			isa = PBXGroup;
			children = (
				98ACC9032601B03500DCC93D /* Quiz Game Example.app */,
			);
			name = Products;
			sourceTree = "<group>";
		};
		98ACC9052601B03500DCC93D /* Quiz Game Example */ = {
			isa = PBXGroup;
			children = (
				98ACC9062601B03500DCC93D /* Quiz_Game_ExampleApp.swift */,
				98ACC9162602495900DCC93D /* Question.swift */,
				98ACC91926024AD300DCC93D /* Answer.swift */,
				98ACC9082601B03500DCC93D /* ContentView.swift */,
				98ACC91E26024DAE00DCC93D /* questionBank.JSON */,
				98ACC90A2601B03600DCC93D /* Assets.xcassets */,
				98ACC90F2601B03600DCC93D /* Info.plist */,
				98ACC90C2601B03600DCC93D /* Preview Content */,
			);
			path = "Quiz Game Example";
			sourceTree = "<group>";
		};
		98ACC90C2601B03600DCC93D /* Preview Content */ = {
			isa = PBXGroup;
			children = (
				98ACC90D2601B03600DCC93D /* Preview Assets.xcassets */,
			);
			path = "Preview Content";
			sourceTree = "<group>";
		};
/* End PBXGroup section */

/* Begin PBXNativeTarget section */
		98ACC9022601B03500DCC93D /* Quiz Game Example */ = {
			isa = PBXNativeTarget;
			buildConfigurationList = 98ACC9122601B03600DCC93D /* Build configuration list for PBXNativeTarget "Quiz Game Example" */;
			buildPhases = (
				98ACC8FF2601B03500DCC93D /* Sources */,
				98ACC9002601B03500DCC93D /* Frameworks */,
				98ACC9012601B03500DCC93D /* Resources */,
			);
			buildRules = (
			);
			dependencies = (
			);
			name = "Quiz Game Example";
			productName = "Quiz Game Example";
			productReference = 98ACC9032601B03500DCC93D /* Quiz Game Example.app */;
			productType = "com.apple.product-type.application";
		};
/* End PBXNativeTarget section */

/* Begin PBXProject section */
		98ACC8FB2601B03500DCC93D /* Project object */ = {
			isa = PBXProject;
			attributes = {
				LastSwiftUpdateCheck = 1240;
				LastUpgradeCheck = 1240;
				TargetAttributes = {
					98ACC9022601B03500DCC93D = {
						CreatedOnToolsVersion = 12.4;
					};
				};
			};
			buildConfigurationList = 98ACC8FE2601B03500DCC93D /* Build configuration list for PBXProject "Quiz Game Example" */;
			compatibilityVersion = "Xcode 9.3";
			developmentRegion = en;
			hasScannedForEncodings = 0;
			knownRegions = (
				en,
				Base,
			);
			mainGroup = 98ACC8FA2601B03500DCC93D;
			productRefGroup = 98ACC9042601B03500DCC93D /* Products */;
			projectDirPath = "";
			projectRoot = "";
			targets = (
				98ACC9022601B03500DCC93D /* Quiz Game Example */,
			);
		};
/* End PBXProject section */

/* Begin PBXResourcesBuildPhase section */
		98ACC9012601B03500DCC93D /* Resources */ = {
			isa = PBXResourcesBuildPhase;
			buildActionMask = 2147483647;
			files = (
				98ACC91F26024DAE00DCC93D /* questionBank.JSON in Resources */,
				98ACC90E2601B03600DCC93D /* Preview Assets.xcassets in Resources */,
				98ACC90B2601B03600DCC93D /* Assets.xcassets in Resources */,
			);
			runOnlyForDeploymentPostprocessing = 0;
		};
/* End PBXResourcesBuildPhase section */

/* Begin PBXSourcesBuildPhase section */
		98ACC8FF2601B03500DCC93D /* Sources */ = {
			isa = PBXSourcesBuildPhase;
			buildActionMask = 2147483647;
			files = (
				98ACC9172602495900DCC93D /* Question.swift in Sources */,
				98ACC9092601B03500DCC93D /* ContentView.swift in Sources */,
				98ACC9072601B03500DCC93D /* Quiz_Game_ExampleApp.swift in Sources */,
				98ACC91A26024AD300DCC93D /* Answer.swift in Sources */,
			);
			runOnlyForDeploymentPostprocessing = 0;
		};
/* End PBXSourcesBuildPhase section */

/* Begin XCBuildConfiguration section */
		98ACC9102601B03600DCC93D /* Debug */ = {
			isa = XCBuildConfiguration;
			buildSettings = {
				ALWAYS_SEARCH_USER_PATHS = NO;
				CLANG_ANALYZER_NONNULL = YES;
				CLANG_ANALYZER_NUMBER_OBJECT_CONVERSION = YES_AGGRESSIVE;
				CLANG_CXX_LANGUAGE_STANDARD = "gnu++14";
				CLANG_CXX_LIBRARY = "libc++";
				CLANG_ENABLE_MODULES = YES;
				CLANG_ENABLE_OBJC_ARC = YES;
				CLANG_ENABLE_OBJC_WEAK = YES;
				CLANG_WARN_BLOCK_CAPTURE_AUTORELEASING = YES;
				CLANG_WARN_BOOL_CONVERSION = YES;
				CLANG_WARN_COMMA = YES;
				CLANG_WARN_CONSTANT_CONVERSION = YES;
				CLANG_WARN_DEPRECATED_OBJC_IMPLEMENTATIONS = YES;
				CLANG_WARN_DIRECT_OBJC_ISA_USAGE = YES_ERROR;
				CLANG_WARN_DOCUMENTATION_COMMENTS = YES;
				CLANG_WARN_EMPTY_BODY = YES;
				CLANG_WARN_ENUM_CONVERSION = YES;
				CLANG_WARN_INFINITE_RECURSION = YES;
				CLANG_WARN_INT_CONVERSION = YES;
				CLANG_WARN_NON_LITERAL_NULL_CONVERSION = YES;
				CLANG_WARN_OBJC_IMPLICIT_RETAIN_SELF = YES;
				CLANG_WARN_OBJC_LITERAL_CONVERSION = YES;
				CLANG_WARN_OBJC_ROOT_CLASS = YES_ERROR;
				CLANG_WARN_QUOTED_INCLUDE_IN_FRAMEWORK_HEADER = YES;
				CLANG_WARN_RANGE_LOOP_ANALYSIS = YES;
				CLANG_WARN_STRICT_PROTOTYPES = YES;
				CLANG_WARN_SUSPICIOUS_MOVE = YES;
				CLANG_WARN_UNGUARDED_AVAILABILITY = YES_AGGRESSIVE;
				CLANG_WARN_UNREACHABLE_CODE = YES;
				CLANG_WARN__DUPLICATE_METHOD_MATCH = YES;
				COPY_PHASE_STRIP = NO;
				DEBUG_INFORMATION_FORMAT = dwarf;
				ENABLE_STRICT_OBJC_MSGSEND = YES;
				ENABLE_TESTABILITY = YES;
				GCC_C_LANGUAGE_STANDARD = gnu11;
				GCC_DYNAMIC_NO_PIC = NO;
				GCC_NO_COMMON_BLOCKS = YES;
				GCC_OPTIMIZATION_LEVEL = 0;
				GCC_PREPROCESSOR_DEFINITIONS = (
					"DEBUG=1",
					"$(inherited)",
				);
				GCC_WARN_64_TO_32_BIT_CONVERSION = YES;
				GCC_WARN_ABOUT_RETURN_TYPE = YES_ERROR;
				GCC_WARN_UNDECLARED_SELECTOR = YES;
				GCC_WARN_UNINITIALIZED_AUTOS = YES_AGGRESSIVE;
				GCC_WARN_UNUSED_FUNCTION = YES;
				GCC_WARN_UNUSED_VARIABLE = YES;
				IPHONEOS_DEPLOYMENT_TARGET = 14.4;
				MTL_ENABLE_DEBUG_INFO = INCLUDE_SOURCE;
				MTL_FAST_MATH = YES;
				ONLY_ACTIVE_ARCH = YES;
				SDKROOT = iphoneos;
				SWIFT_ACTIVE_COMPILATION_CONDITIONS = DEBUG;
				SWIFT_OPTIMIZATION_LEVEL = "-Onone";
			};
			name = Debug;
		};
		98ACC9112601B03600DCC93D /* Release */ = {
			isa = XCBuildConfiguration;
			buildSettings = {
				ALWAYS_SEARCH_USER_PATHS = NO;
				CLANG_ANALYZER_NONNULL = YES;
				CLANG_ANALYZER_NUMBER_OBJECT_CONVERSION = YES_AGGRESSIVE;
				CLANG_CXX_LANGUAGE_STANDARD = "gnu++14";
				CLANG_CXX_LIBRARY = "libc++";
				CLANG_ENABLE_MODULES = YES;
				CLANG_ENABLE_OBJC_ARC = YES;
				CLANG_ENABLE_OBJC_WEAK = YES;
				CLANG_WARN_BLOCK_CAPTURE_AUTORELEASING = YES;
				CLANG_WARN_BOOL_CONVERSION = YES;
				CLANG_WARN_COMMA = YES;
				CLANG_WARN_CONSTANT_CONVERSION = YES;
				CLANG_WARN_DEPRECATED_OBJC_IMPLEMENTATIONS = YES;
				CLANG_WARN_DIRECT_OBJC_ISA_USAGE = YES_ERROR;
				CLANG_WARN_DOCUMENTATION_COMMENTS = YES;
				CLANG_WARN_EMPTY_BODY = YES;
				CLANG_WARN_ENUM_CONVERSION = YES;
				CLANG_WARN_INFINITE_RECURSION = YES;
				CLANG_WARN_INT_CONVERSION = YES;
				CLANG_WARN_NON_LITERAL_NULL_CONVERSION = YES;
				CLANG_WARN_OBJC_IMPLICIT_RETAIN_SELF = YES;
				CLANG_WARN_OBJC_LITERAL_CONVERSION = YES;
				CLANG_WARN_OBJC_ROOT_CLASS = YES_ERROR;
				CLANG_WARN_QUOTED_INCLUDE_IN_FRAMEWORK_HEADER = YES;
				CLANG_WARN_RANGE_LOOP_ANALYSIS = YES;
				CLANG_WARN_STRICT_PROTOTYPES = YES;
				CLANG_WARN_SUSPICIOUS_MOVE = YES;
				CLANG_WARN_UNGUARDED_AVAILABILITY = YES_AGGRESSIVE;
				CLANG_WARN_UNREACHABLE_CODE = YES;
				CLANG_WARN__DUPLICATE_METHOD_MATCH = YES;
				COPY_PHASE_STRIP = NO;
				DEBUG_INFORMATION_FORMAT = "dwarf-with-dsym";
				ENABLE_NS_ASSERTIONS = NO;
				ENABLE_STRICT_OBJC_MSGSEND = YES;
				GCC_C_LANGUAGE_STANDARD = gnu11;
				GCC_NO_COMMON_BLOCKS = YES;
				GCC_WARN_64_TO_32_BIT_CONVERSION = YES;
				GCC_WARN_ABOUT_RETURN_TYPE = YES_ERROR;
				GCC_WARN_UNDECLARED_SELECTOR = YES;
				GCC_WARN_UNINITIALIZED_AUTOS = YES_AGGRESSIVE;
				GCC_WARN_UNUSED_FUNCTION = YES;
				GCC_WARN_UNUSED_VARIABLE = YES;
				IPHONEOS_DEPLOYMENT_TARGET = 14.4;
				MTL_ENABLE_DEBUG_INFO = NO;
				MTL_FAST_MATH = YES;
				SDKROOT = iphoneos;
				SWIFT_COMPILATION_MODE = wholemodule;
				SWIFT_OPTIMIZATION_LEVEL = "-O";
				VALIDATE_PRODUCT = YES;
			};
			name = Release;
		};
		98ACC9132601B03600DCC93D /* Debug */ = {
			isa = XCBuildConfiguration;
			buildSettings = {
				ASSETCATALOG_COMPILER_APPICON_NAME = AppIcon;
				ASSETCATALOG_COMPILER_GLOBAL_ACCENT_COLOR_NAME = AccentColor;
				CODE_SIGN_STYLE = Automatic;
				DEVELOPMENT_ASSET_PATHS = "\"Quiz Game Example/Preview Content\"";
				DEVELOPMENT_TEAM = 68ZWDW3GWY;
				ENABLE_PREVIEWS = YES;
				INFOPLIST_FILE = "Quiz Game Example/Info.plist";
				IPHONEOS_DEPLOYMENT_TARGET = 14.0;
				LD_RUNPATH_SEARCH_PATHS = (
					"$(inherited)",
					"@executable_path/Frameworks",
				);
				PRODUCT_BUNDLE_IDENTIFIER = "com.iShanicey.Quiz-Game-Example";
				PRODUCT_NAME = "$(TARGET_NAME)";
				SWIFT_VERSION = 5.0;
				TARGETED_DEVICE_FAMILY = "1,2";
			};
			name = Debug;
		};
		98ACC9142601B03600DCC93D /* Release */ = {
			isa = XCBuildConfiguration;
			buildSettings = {
				ASSETCATALOG_COMPILER_APPICON_NAME = AppIcon;
				ASSETCATALOG_COMPILER_GLOBAL_ACCENT_COLOR_NAME = AccentColor;
				CODE_SIGN_STYLE = Automatic;
				DEVELOPMENT_ASSET_PATHS = "\"Quiz Game Example/Preview Content\"";
				DEVELOPMENT_TEAM = 68ZWDW3GWY;
				ENABLE_PREVIEWS = YES;
				INFOPLIST_FILE = "Quiz Game Example/Info.plist";
				IPHONEOS_DEPLOYMENT_TARGET = 14.0;
				LD_RUNPATH_SEARCH_PATHS = (
					"$(inherited)",
					"@executable_path/Frameworks",
				);
				PRODUCT_BUNDLE_IDENTIFIER = "com.iShanicey.Quiz-Game-Example";
				PRODUCT_NAME = "$(TARGET_NAME)";
				SWIFT_VERSION = 5.0;
				TARGETED_DEVICE_FAMILY = "1,2";
			};
			name = Release;
		};
/* End XCBuildConfiguration section */

/* Begin XCConfigurationList section */
		98ACC8FE2601B03500DCC93D /* Build configuration list for PBXProject "Quiz Game Example" */ = {
			isa = XCConfigurationList;
			buildConfigurations = (
				98ACC9102601B03600DCC93D /* Debug */,
				98ACC9112601B03600DCC93D /* Release */,
			);
			defaultConfigurationIsVisible = 0;
			defaultConfigurationName = Release;
		};
		98ACC9122601B03600DCC93D /* Build configuration list for PBXNativeTarget "Quiz Game Example" */ = {
			isa = XCConfigurationList;
			buildConfigurations = (
				98ACC9132601B03600DCC93D /* Debug */,
				98ACC9142601B03600DCC93D /* Release */,
			);
			defaultConfigurationIsVisible = 0;
			defaultConfigurationName = Release;
		};
/* End XCConfigurationList section */
	};
	rootObject = 98ACC8FB2601B03500DCC93D /* Project object */;
}
